// !$*UTF8*$!
{
	archiveVersion = 1;
	classes = {
	};
	objectVersion = 50;
	objects = {

/* Begin PBXBuildFile section */
		2F77BD9A228B129F00DCCE7A /* ArtistSearchViewController.swift in Sources */ = {isa = PBXBuildFile; fileRef = 2F77BD99228B129F00DCCE7A /* ArtistSearchViewController.swift */; };
		2F77BD9C228B131B00DCCE7A /* ArtistDetailsViewController.swift in Sources */ = {isa = PBXBuildFile; fileRef = 2F77BD9B228B131B00DCCE7A /* ArtistDetailsViewController.swift */; };
		2F77BD9E228B1F3F00DCCE7A /* AppCoordinator.swift in Sources */ = {isa = PBXBuildFile; fileRef = 2F77BD9D228B1F3F00DCCE7A /* AppCoordinator.swift */; };
		2FFF63AC228B0012003529B2 /* AppDelegate.swift in Sources */ = {isa = PBXBuildFile; fileRef = 2FFF63AB228B0012003529B2 /* AppDelegate.swift */; };
		2FFF63B1228B0012003529B2 /* Search.storyboard in Resources */ = {isa = PBXBuildFile; fileRef = 2FFF63AF228B0012003529B2 /* Search.storyboard */; };
		2FFF63B3228B0014003529B2 /* Assets.xcassets in Resources */ = {isa = PBXBuildFile; fileRef = 2FFF63B2228B0014003529B2 /* Assets.xcassets */; };
		2FFF63B6228B0014003529B2 /* LaunchScreen.storyboard in Resources */ = {isa = PBXBuildFile; fileRef = 2FFF63B4228B0014003529B2 /* LaunchScreen.storyboard */; };
/* End PBXBuildFile section */

/* Begin PBXContainerItemProxy section */
		2FFF63BD228B0014003529B2 /* PBXContainerItemProxy */ = {
			isa = PBXContainerItemProxy;
			containerPortal = 2FFF63A0228B0012003529B2 /* Project object */;
			proxyType = 1;
			remoteGlobalIDString = 2FFF63A7228B0012003529B2;
			remoteInfo = DeezerExercice;
		};
/* End PBXContainerItemProxy section */

/* Begin PBXFileReference section */
		2F77BD99228B129F00DCCE7A /* ArtistSearchViewController.swift */ = {isa = PBXFileReference; lastKnownFileType = sourcecode.swift; path = ArtistSearchViewController.swift; sourceTree = "<group>"; };
		2F77BD9B228B131B00DCCE7A /* ArtistDetailsViewController.swift */ = {isa = PBXFileReference; lastKnownFileType = sourcecode.swift; path = ArtistDetailsViewController.swift; sourceTree = "<group>"; };
		2F77BD9D228B1F3F00DCCE7A /* AppCoordinator.swift */ = {isa = PBXFileReference; lastKnownFileType = sourcecode.swift; path = AppCoordinator.swift; sourceTree = "<group>"; };
		2FFF63A8228B0012003529B2 /* DeezerExercice.app */ = {isa = PBXFileReference; explicitFileType = wrapper.application; includeInIndex = 0; path = DeezerExercice.app; sourceTree = BUILT_PRODUCTS_DIR; };
		2FFF63AB228B0012003529B2 /* AppDelegate.swift */ = {isa = PBXFileReference; lastKnownFileType = sourcecode.swift; path = AppDelegate.swift; sourceTree = "<group>"; };
		2FFF63B0228B0012003529B2 /* Base */ = {isa = PBXFileReference; lastKnownFileType = file.storyboard; name = Base; path = Base.lproj/Search.storyboard; sourceTree = "<group>"; };
		2FFF63B2228B0014003529B2 /* Assets.xcassets */ = {isa = PBXFileReference; lastKnownFileType = folder.assetcatalog; path = Assets.xcassets; sourceTree = "<group>"; };
		2FFF63B5228B0014003529B2 /* Base */ = {isa = PBXFileReference; lastKnownFileType = file.storyboard; name = Base; path = Base.lproj/LaunchScreen.storyboard; sourceTree = "<group>"; };
		2FFF63B7228B0014003529B2 /* Info.plist */ = {isa = PBXFileReference; lastKnownFileType = text.plist.xml; path = Info.plist; sourceTree = "<group>"; };
		2FFF63BC228B0014003529B2 /* DeezerExerciceTests.xctest */ = {isa = PBXFileReference; explicitFileType = wrapper.cfbundle; includeInIndex = 0; path = DeezerExerciceTests.xctest; sourceTree = BUILT_PRODUCTS_DIR; };
		2FFF63C2228B0014003529B2 /* Info.plist */ = {isa = PBXFileReference; lastKnownFileType = text.plist.xml; path = Info.plist; sourceTree = "<group>"; };
/* End PBXFileReference section */

/* Begin PBXFrameworksBuildPhase section */
		2FFF63A5228B0012003529B2 /* Frameworks */ = {
			isa = PBXFrameworksBuildPhase;
			buildActionMask = 2147483647;
			files = (
			);
			runOnlyForDeploymentPostprocessing = 0;
		};
		2FFF63B9228B0014003529B2 /* Frameworks */ = {
			isa = PBXFrameworksBuildPhase;
			buildActionMask = 2147483647;
			files = (
			);
			runOnlyForDeploymentPostprocessing = 0;
		};
/* End PBXFrameworksBuildPhase section */

/* Begin PBXGroup section */
		2F77BD9F228B1FC300DCCE7A /* Search */ = {
			isa = PBXGroup;
			children = (
				2F77BD99228B129F00DCCE7A /* ArtistSearchViewController.swift */,
				2F77BD9B228B131B00DCCE7A /* ArtistDetailsViewController.swift */,
				2FFF63AF228B0012003529B2 /* Search.storyboard */,
			);
			path = Search;
			sourceTree = "<group>";
		};
		2FFF639F228B0012003529B2 = {
			isa = PBXGroup;
			children = (
				2FFF63AA228B0012003529B2 /* DeezerExercice */,
				2FFF63BF228B0014003529B2 /* DeezerExerciceTests */,
				2FFF63A9228B0012003529B2 /* Products */,
			);
			sourceTree = "<group>";
		};
		2FFF63A9228B0012003529B2 /* Products */ = {
			isa = PBXGroup;
			children = (
				2FFF63A8228B0012003529B2 /* DeezerExercice.app */,
				2FFF63BC228B0014003529B2 /* DeezerExerciceTests.xctest */,
			);
			name = Products;
			sourceTree = "<group>";
		};
		2FFF63AA228B0012003529B2 /* DeezerExercice */ = {
			isa = PBXGroup;
			children = (
				2FFF63CB228B0090003529B2 /* Sources */,
				2FFF63CC228B0095003529B2 /* Ressources */,
			);
			path = DeezerExercice;
			sourceTree = "<group>";
		};
		2FFF63BF228B0014003529B2 /* DeezerExerciceTests */ = {
			isa = PBXGroup;
			children = (
				2FFF63C2228B0014003529B2 /* Info.plist */,
			);
			path = DeezerExerciceTests;
			sourceTree = "<group>";
		};
		2FFF63CB228B0090003529B2 /* Sources */ = {
			isa = PBXGroup;
			children = (
				2FFF63AB228B0012003529B2 /* AppDelegate.swift */,
				2F77BD9D228B1F3F00DCCE7A /* AppCoordinator.swift */,
				2F77BD9F228B1FC300DCCE7A /* Search */,
			);
			path = Sources;
			sourceTree = "<group>";
		};
		2FFF63CC228B0095003529B2 /* Ressources */ = {
			isa = PBXGroup;
			children = (
				2FFF63B2228B0014003529B2 /* Assets.xcassets */,
				2FFF63B4228B0014003529B2 /* LaunchScreen.storyboard */,
				2FFF63B7228B0014003529B2 /* Info.plist */,
			);
			path = Ressources;
			sourceTree = "<group>";
		};
/* End PBXGroup section */

/* Begin PBXNativeTarget section */
		2FFF63A7228B0012003529B2 /* DeezerExercice */ = {
			isa = PBXNativeTarget;
			buildConfigurationList = 2FFF63C5228B0014003529B2 /* Build configuration list for PBXNativeTarget "DeezerExercice" */;
			buildPhases = (
				2FFF63A4228B0012003529B2 /* Sources */,
				2FFF63A5228B0012003529B2 /* Frameworks */,
				2FFF63A6228B0012003529B2 /* Resources */,
			);
			buildRules = (
			);
			dependencies = (
			);
			name = DeezerExercice;
			productName = DeezerExercice;
			productReference = 2FFF63A8228B0012003529B2 /* DeezerExercice.app */;
			productType = "com.apple.product-type.application";
		};
		2FFF63BB228B0014003529B2 /* DeezerExerciceTests */ = {
			isa = PBXNativeTarget;
			buildConfigurationList = 2FFF63C8228B0014003529B2 /* Build configuration list for PBXNativeTarget "DeezerExerciceTests" */;
			buildPhases = (
				2FFF63B8228B0014003529B2 /* Sources */,
				2FFF63B9228B0014003529B2 /* Frameworks */,
				2FFF63BA228B0014003529B2 /* Resources */,
			);
			buildRules = (
			);
			dependencies = (
				2FFF63BE228B0014003529B2 /* PBXTargetDependency */,
			);
			name = DeezerExerciceTests;
			productName = DeezerExerciceTests;
			productReference = 2FFF63BC228B0014003529B2 /* DeezerExerciceTests.xctest */;
			productType = "com.apple.product-type.bundle.unit-test";
		};
/* End PBXNativeTarget section */

/* Begin PBXProject section */
		2FFF63A0228B0012003529B2 /* Project object */ = {
			isa = PBXProject;
			attributes = {
				LastSwiftUpdateCheck = 1020;
				LastUpgradeCheck = 1020;
				ORGANIZATIONNAME = bblch;
				TargetAttributes = {
					2FFF63A7228B0012003529B2 = {
						CreatedOnToolsVersion = 10.2.1;
					};
					2FFF63BB228B0014003529B2 = {
						CreatedOnToolsVersion = 10.2.1;
						TestTargetID = 2FFF63A7228B0012003529B2;
					};
				};
			};
			buildConfigurationList = 2FFF63A3228B0012003529B2 /* Build configuration list for PBXProject "DeezerExercice" */;
			compatibilityVersion = "Xcode 9.3";
			developmentRegion = en;
			hasScannedForEncodings = 0;
			knownRegions = (
				en,
				Base,
			);
			mainGroup = 2FFF639F228B0012003529B2;
			productRefGroup = 2FFF63A9228B0012003529B2 /* Products */;
			projectDirPath = "";
			projectRoot = "";
			targets = (
				2FFF63A7228B0012003529B2 /* DeezerExercice */,
				2FFF63BB228B0014003529B2 /* DeezerExerciceTests */,
			);
		};
/* End PBXProject section */

/* Begin PBXResourcesBuildPhase section */
		2FFF63A6228B0012003529B2 /* Resources */ = {
			isa = PBXResourcesBuildPhase;
			buildActionMask = 2147483647;
			files = (
				2FFF63B6228B0014003529B2 /* LaunchScreen.storyboard in Resources */,
				2FFF63B3228B0014003529B2 /* Assets.xcassets in Resources */,
				2FFF63B1228B0012003529B2 /* Search.storyboard in Resources */,
			);
			runOnlyForDeploymentPostprocessing = 0;
		};
		2FFF63BA228B0014003529B2 /* Resources */ = {
			isa = PBXResourcesBuildPhase;
			buildActionMask = 2147483647;
			files = (
			);
			runOnlyForDeploymentPostprocessing = 0;
		};
/* End PBXResourcesBuildPhase section */

/* Begin PBXSourcesBuildPhase section */
		2FFF63A4228B0012003529B2 /* Sources */ = {
			isa = PBXSourcesBuildPhase;
			buildActionMask = 2147483647;
			files = (
				2F77BD9E228B1F3F00DCCE7A /* AppCoordinator.swift in Sources */,
				2F77BD9A228B129F00DCCE7A /* ArtistSearchViewController.swift in Sources */,
				2FFF63AC228B0012003529B2 /* AppDelegate.swift in Sources */,
				2F77BD9C228B131B00DCCE7A /* ArtistDetailsViewController.swift in Sources */,
			);
			runOnlyForDeploymentPostprocessing = 0;
		};
		2FFF63B8228B0014003529B2 /* Sources */ = {
			isa = PBXSourcesBuildPhase;
			buildActionMask = 2147483647;
			files = (
			);
			runOnlyForDeploymentPostprocessing = 0;
		};
/* End PBXSourcesBuildPhase section */

/* Begin PBXTargetDependency section */
		2FFF63BE228B0014003529B2 /* PBXTargetDependency */ = {
			isa = PBXTargetDependency;
			target = 2FFF63A7228B0012003529B2 /* DeezerExercice */;
			targetProxy = 2FFF63BD228B0014003529B2 /* PBXContainerItemProxy */;
		};
/* End PBXTargetDependency section */

/* Begin PBXVariantGroup section */
		2FFF63AF228B0012003529B2 /* Search.storyboard */ = {
			isa = PBXVariantGroup;
			children = (
				2FFF63B0228B0012003529B2 /* Base */,
			);
			name = Search.storyboard;
			sourceTree = "<group>";
		};
		2FFF63B4228B0014003529B2 /* LaunchScreen.storyboard */ = {
			isa = PBXVariantGroup;
			children = (
				2FFF63B5228B0014003529B2 /* Base */,
			);
			name = LaunchScreen.storyboard;
			sourceTree = "<group>";
		};
/* End PBXVariantGroup section */

/* Begin XCBuildConfiguration section */
		2FFF63C3228B0014003529B2 /* Debug */ = {
			isa = XCBuildConfiguration;
			buildSettings = {
				ALWAYS_SEARCH_USER_PATHS = NO;
				CLANG_ANALYZER_NONNULL = YES;
				CLANG_ANALYZER_NUMBER_OBJECT_CONVERSION = YES_AGGRESSIVE;
				CLANG_CXX_LANGUAGE_STANDARD = "gnu++14";
				CLANG_CXX_LIBRARY = "libc++";
				CLANG_ENABLE_MODULES = YES;
				CLANG_ENABLE_OBJC_ARC = YES;
				CLANG_ENABLE_OBJC_WEAK = YES;
				CLANG_WARN_BLOCK_CAPTURE_AUTORELEASING = YES;
				CLANG_WARN_BOOL_CONVERSION = YES;
				CLANG_WARN_COMMA = YES;
				CLANG_WARN_CONSTANT_CONVERSION = YES;
				CLANG_WARN_DEPRECATED_OBJC_IMPLEMENTATIONS = YES;
				CLANG_WARN_DIRECT_OBJC_ISA_USAGE = YES_ERROR;
				CLANG_WARN_DOCUMENTATION_COMMENTS = YES;
				CLANG_WARN_EMPTY_BODY = YES;
				CLANG_WARN_ENUM_CONVERSION = YES;
				CLANG_WARN_INFINITE_RECURSION = YES;
				CLANG_WARN_INT_CONVERSION = YES;
				CLANG_WARN_NON_LITERAL_NULL_CONVERSION = YES;
				CLANG_WARN_OBJC_IMPLICIT_RETAIN_SELF = YES;
				CLANG_WARN_OBJC_LITERAL_CONVERSION = YES;
				CLANG_WARN_OBJC_ROOT_CLASS = YES_ERROR;
				CLANG_WARN_RANGE_LOOP_ANALYSIS = YES;
				CLANG_WARN_STRICT_PROTOTYPES = YES;
				CLANG_WARN_SUSPICIOUS_MOVE = YES;
				CLANG_WARN_UNGUARDED_AVAILABILITY = YES_AGGRESSIVE;
				CLANG_WARN_UNREACHABLE_CODE = YES;
				CLANG_WARN__DUPLICATE_METHOD_MATCH = YES;
				CODE_SIGN_IDENTITY = "iPhone Developer";
				COPY_PHASE_STRIP = NO;
				DEBUG_INFORMATION_FORMAT = dwarf;
				ENABLE_STRICT_OBJC_MSGSEND = YES;
				ENABLE_TESTABILITY = YES;
				GCC_C_LANGUAGE_STANDARD = gnu11;
				GCC_DYNAMIC_NO_PIC = NO;
				GCC_NO_COMMON_BLOCKS = YES;
				GCC_OPTIMIZATION_LEVEL = 0;
				GCC_PREPROCESSOR_DEFINITIONS = (
					"DEBUG=1",
					"$(inherited)",
				);
				GCC_WARN_64_TO_32_BIT_CONVERSION = YES;
				GCC_WARN_ABOUT_RETURN_TYPE = YES_ERROR;
				GCC_WARN_UNDECLARED_SELECTOR = YES;
				GCC_WARN_UNINITIALIZED_AUTOS = YES_AGGRESSIVE;
				GCC_WARN_UNUSED_FUNCTION = YES;
				GCC_WARN_UNUSED_VARIABLE = YES;
				IPHONEOS_DEPLOYMENT_TARGET = 12.2;
				MTL_ENABLE_DEBUG_INFO = INCLUDE_SOURCE;
				MTL_FAST_MATH = YES;
				ONLY_ACTIVE_ARCH = YES;
				SDKROOT = iphoneos;
				SWIFT_ACTIVE_COMPILATION_CONDITIONS = DEBUG;
				SWIFT_OPTIMIZATION_LEVEL = "-Onone";
			};
			name = Debug;
		};
		2FFF63C4228B0014003529B2 /* Release */ = {
			isa = XCBuildConfiguration;
			buildSettings = {
				ALWAYS_SEARCH_USER_PATHS = NO;
				CLANG_ANALYZER_NONNULL = YES;
				CLANG_ANALYZER_NUMBER_OBJECT_CONVERSION = YES_AGGRESSIVE;
				CLANG_CXX_LANGUAGE_STANDARD = "gnu++14";
				CLANG_CXX_LIBRARY = "libc++";
				CLANG_ENABLE_MODULES = YES;
				CLANG_ENABLE_OBJC_ARC = YES;
				CLANG_ENABLE_OBJC_WEAK = YES;
				CLANG_WARN_BLOCK_CAPTURE_AUTORELEASING = YES;
				CLANG_WARN_BOOL_CONVERSION = YES;
				CLANG_WARN_COMMA = YES;
				CLANG_WARN_CONSTANT_CONVERSION = YES;
				CLANG_WARN_DEPRECATED_OBJC_IMPLEMENTATIONS = YES;
				CLANG_WARN_DIRECT_OBJC_ISA_USAGE = YES_ERROR;
				CLANG_WARN_DOCUMENTATION_COMMENTS = YES;
				CLANG_WARN_EMPTY_BODY = YES;
				CLANG_WARN_ENUM_CONVERSION = YES;
				CLANG_WARN_INFINITE_RECURSION = YES;
				CLANG_WARN_INT_CONVERSION = YES;
				CLANG_WARN_NON_LITERAL_NULL_CONVERSION = YES;
				CLANG_WARN_OBJC_IMPLICIT_RETAIN_SELF = YES;
				CLANG_WARN_OBJC_LITERAL_CONVERSION = YES;
				CLANG_WARN_OBJC_ROOT_CLASS = YES_ERROR;
				CLANG_WARN_RANGE_LOOP_ANALYSIS = YES;
				CLANG_WARN_STRICT_PROTOTYPES = YES;
				CLANG_WARN_SUSPICIOUS_MOVE = YES;
				CLANG_WARN_UNGUARDED_AVAILABILITY = YES_AGGRESSIVE;
				CLANG_WARN_UNREACHABLE_CODE = YES;
				CLANG_WARN__DUPLICATE_METHOD_MATCH = YES;
				CODE_SIGN_IDENTITY = "iPhone Developer";
				COPY_PHASE_STRIP = NO;
				DEBUG_INFORMATION_FORMAT = "dwarf-with-dsym";
				ENABLE_NS_ASSERTIONS = NO;
				ENABLE_STRICT_OBJC_MSGSEND = YES;
				GCC_C_LANGUAGE_STANDARD = gnu11;
				GCC_NO_COMMON_BLOCKS = YES;
				GCC_WARN_64_TO_32_BIT_CONVERSION = YES;
				GCC_WARN_ABOUT_RETURN_TYPE = YES_ERROR;
				GCC_WARN_UNDECLARED_SELECTOR = YES;
				GCC_WARN_UNINITIALIZED_AUTOS = YES_AGGRESSIVE;
				GCC_WARN_UNUSED_FUNCTION = YES;
				GCC_WARN_UNUSED_VARIABLE = YES;
				IPHONEOS_DEPLOYMENT_TARGET = 12.2;
				MTL_ENABLE_DEBUG_INFO = NO;
				MTL_FAST_MATH = YES;
				SDKROOT = iphoneos;
				SWIFT_COMPILATION_MODE = wholemodule;
				SWIFT_OPTIMIZATION_LEVEL = "-O";
				VALIDATE_PRODUCT = YES;
			};
			name = Release;
		};
		2FFF63C6228B0014003529B2 /* Debug */ = {
			isa = XCBuildConfiguration;
			buildSettings = {
				ASSETCATALOG_COMPILER_APPICON_NAME = AppIcon;
				CODE_SIGN_STYLE = Automatic;
				INFOPLIST_FILE = DeezerExercice/Ressources/Info.plist;
				LD_RUNPATH_SEARCH_PATHS = (
					"$(inherited)",
					"@executable_path/Frameworks",
				);
				PRODUCT_BUNDLE_IDENTIFIER = com.bblch.DeezerExercice;
				PRODUCT_NAME = "$(TARGET_NAME)";
				SWIFT_VERSION = 5.0;
				TARGETED_DEVICE_FAMILY = "1,2";
			};
			name = Debug;
		};
		2FFF63C7228B0014003529B2 /* Release */ = {
			isa = XCBuildConfiguration;
			buildSettings = {
				ASSETCATALOG_COMPILER_APPICON_NAME = AppIcon;
				CODE_SIGN_STYLE = Automatic;
				INFOPLIST_FILE = DeezerExercice/Ressources/Info.plist;
				LD_RUNPATH_SEARCH_PATHS = (
					"$(inherited)",
					"@executable_path/Frameworks",
				);
				PRODUCT_BUNDLE_IDENTIFIER = com.bblch.DeezerExercice;
				PRODUCT_NAME = "$(TARGET_NAME)";
				SWIFT_VERSION = 5.0;
				TARGETED_DEVICE_FAMILY = "1,2";
			};
			name = Release;
		};
		2FFF63C9228B0014003529B2 /* Debug */ = {
			isa = XCBuildConfiguration;
			buildSettings = {
				ALWAYS_EMBED_SWIFT_STANDARD_LIBRARIES = YES;
				BUNDLE_LOADER = "$(TEST_HOST)";
				CODE_SIGN_STYLE = Automatic;
				INFOPLIST_FILE = DeezerExerciceTests/Info.plist;
				LD_RUNPATH_SEARCH_PATHS = (
					"$(inherited)",
					"@executable_path/Frameworks",
					"@loader_path/Frameworks",
				);
				PRODUCT_BUNDLE_IDENTIFIER = com.bblch.DeezerExerciceTests;
				PRODUCT_NAME = "$(TARGET_NAME)";
				SWIFT_VERSION = 5.0;
				TARGETED_DEVICE_FAMILY = "1,2";
				TEST_HOST = "$(BUILT_PRODUCTS_DIR)/DeezerExercice.app/DeezerExercice";
			};
			name = Debug;
		};
		2FFF63CA228B0014003529B2 /* Release */ = {
			isa = XCBuildConfiguration;
			buildSettings = {
				ALWAYS_EMBED_SWIFT_STANDARD_LIBRARIES = YES;
				BUNDLE_LOADER = "$(TEST_HOST)";
				CODE_SIGN_STYLE = Automatic;
				INFOPLIST_FILE = DeezerExerciceTests/Info.plist;
				LD_RUNPATH_SEARCH_PATHS = (
					"$(inherited)",
					"@executable_path/Frameworks",
					"@loader_path/Frameworks",
				);
				PRODUCT_BUNDLE_IDENTIFIER = com.bblch.DeezerExerciceTests;
				PRODUCT_NAME = "$(TARGET_NAME)";
				SWIFT_VERSION = 5.0;
				TARGETED_DEVICE_FAMILY = "1,2";
				TEST_HOST = "$(BUILT_PRODUCTS_DIR)/DeezerExercice.app/DeezerExercice";
			};
			name = Release;
		};
/* End XCBuildConfiguration section */

/* Begin XCConfigurationList section */
		2FFF63A3228B0012003529B2 /* Build configuration list for PBXProject "DeezerExercice" */ = {
			isa = XCConfigurationList;
			buildConfigurations = (
				2FFF63C3228B0014003529B2 /* Debug */,
				2FFF63C4228B0014003529B2 /* Release */,
			);
			defaultConfigurationIsVisible = 0;
			defaultConfigurationName = Release;
		};
		2FFF63C5228B0014003529B2 /* Build configuration list for PBXNativeTarget "DeezerExercice" */ = {
			isa = XCConfigurationList;
			buildConfigurations = (
				2FFF63C6228B0014003529B2 /* Debug */,
				2FFF63C7228B0014003529B2 /* Release */,
			);
			defaultConfigurationIsVisible = 0;
			defaultConfigurationName = Release;
		};
		2FFF63C8228B0014003529B2 /* Build configuration list for PBXNativeTarget "DeezerExerciceTests" */ = {
			isa = XCConfigurationList;
			buildConfigurations = (
				2FFF63C9228B0014003529B2 /* Debug */,
				2FFF63CA228B0014003529B2 /* Release */,
			);
			defaultConfigurationIsVisible = 0;
			defaultConfigurationName = Release;
		};
/* End XCConfigurationList section */
	};
	rootObject = 2FFF63A0228B0012003529B2 /* Project object */;
}
